
Microsoft Visual Studio Solution File, Format Version 12.00
# Visual Studio Version 16
VisualStudioVersion = 16.0.31019.35
MinimumVisualStudioVersion = 10.0.40219.1
Project("{FAE04EC0-301F-11D3-BF4B-00C04F79EFBC}") = "RedisDemo", "RedisDemo\RedisDemo.csproj", "{2879C1D9-88AD-4E29-9163-0DD4CDFF38CE}"
EndProject
Global
	GlobalSection(SolutionConfigurationPlatforms) = preSolution
		Debug|Any CPU = Debug|Any CPU
		Release|Any CPU = Release|Any CPU
	EndGlobalSection
	GlobalSection(ProjectConfigurationPlatforms) = postSolution
		{2879C1D9-88AD-4E29-9163-0DD4CDFF38CE}.Debug|Any CPU.ActiveCfg = Debug|Any CPU
		{2879C1D9-88AD-4E29-9163-0DD4CDFF38CE}.Debug|Any CPU.Build.0 = Debug|Any CPU
		{2879C1D9-88AD-4E29-9163-0DD4CDFF38CE}.Release|Any CPU.ActiveCfg = Release|Any CPU
		{2879C1D9-88AD-4E29-9163-0DD4CDFF38CE}.Release|Any CPU.Build.0 = Release|Any CPU
	EndGlobalSection
	GlobalSection(SolutionProperties) = preSolution
		HideSolutionNode = FALSE
	EndGlobalSection
	GlobalSection(ExtensibilityGlobals) = postSolution
		SolutionGuid = {3AD29B7A-37B7-49E7-B6CD-911810DB64EF}
	EndGlobalSection
EndGlobal
